schema: '2.0'
stages:
  prepare_events:
    cmd: python scripts/prepare_retailrocket_events.py --input-path 
      data/raw/retailrocket/events.csv --output-path 
      data/interim/retailrocket_events_standardized.parquet
    deps:
    - path: data/raw/retailrocket/events.csv
      hash: md5
      md5: fddaf7c1c6a9df23a726500a08ffdd7e
      size: 94237913
    - path: scripts/prepare_retailrocket_events.py
      hash: md5
      md5: e7629d3d0243203436ccdf775e9c672a
      size: 1380
    - path: src/recommender/data/retailrocket.py
      hash: md5
      md5: 4193c57144d94f1135cfe46056ed6abb
      size: 1911
    outs:
    - path: data/interim/retailrocket_events_standardized.parquet
      hash: md5
      md5: 464986f9a0cf4a7d417e0d0c61db37e7
      size: 37329185
  preprocess:
    cmd: python scripts/preprocess.py --input-path 
      data/interim/retailrocket_events_standardized.parquet --output-path 
      data/interim/retailrocket_events_preprocessed.parquet
    deps:
    - path: data/interim/retailrocket_events_standardized.parquet
      hash: md5
      md5: 464986f9a0cf4a7d417e0d0c61db37e7
      size: 37329185
    - path: scripts/preprocess.py
      hash: md5
      md5: ed4499b8175023a9dbd6077f9098b371
      size: 1249
    - path: src/recommender/data/preprocessing.py
      hash: md5
      md5: 2fa758d7cedafc06c373d0a9017aed8a
      size: 2616
    - path: src/recommender/data/schema.py
      hash: md5
      md5: ab483a7c1404e6f3d4ee080f960501e7
      size: 1375
    outs:
    - path: data/interim/retailrocket_events_preprocessed.parquet
      hash: md5
      md5: c45a8efa02157c267fcfd27f46922787
      size: 37575263
  split:
    cmd: python scripts/split_data.py --input-path 
      data/interim/retailrocket_events_preprocessed.parquet --train-output-path 
      data/interim/train_interactions.parquet --test-output-path 
      data/interim/test_interactions.parquet
    deps:
    - path: data/interim/retailrocket_events_preprocessed.parquet
      hash: md5
      md5: c45a8efa02157c267fcfd27f46922787
      size: 37575263
    - path: scripts/split_data.py
      hash: md5
      md5: 733405f31ec0cbdca047e09eb3b00c08
      size: 2042
    - path: src/recommender/training/split.py
      hash: md5
      md5: 3b8b45ec9b1a2fab07ea38ea36f6f1a1
      size: 2626
    outs:
    - path: data/interim/test_interactions.parquet
      hash: md5
      md5: 685f7df1d60e8ccda50d2063f0e3ffd9
      size: 6316182
    - path: data/interim/train_interactions.parquet
      hash: md5
      md5: 93c3a38e051f33232c2348cb7dbe80fc
      size: 31548419
  features_train:
    cmd: python scripts/feature_engineering.py --input-path 
      data/interim/train_interactions.parquet --output-path 
      data/processed/train_features.parquet --mapping-output-path 
      models/feature_mappings.json
    deps:
    - path: data/interim/train_interactions.parquet
      hash: md5
      md5: 93c3a38e051f33232c2348cb7dbe80fc
      size: 31548419
    - path: scripts/feature_engineering.py
      hash: md5
      md5: 37b0984249d19da757753bc316687c11
      size: 3078
    - path: src/recommender/features/engineering.py
      hash: md5
      md5: d0648eb2a488dd50e72c3d4c2212ebbe
      size: 6655
    outs:
    - path: data/processed/train_features.parquet
      hash: md5
      md5: c4fd3b2bef70d9e76d8934934374dc7a
      size: 42450061
    - path: models/feature_mappings.json
      hash: md5
      md5: 21e4bf8e40af2e8ee5138b0c6deeb4e9
      size: 36390224
  features_test:
    cmd: python scripts/feature_engineering.py --input-path 
      data/interim/test_interactions.parquet --output-path 
      data/processed/test_features.parquet --mapping-input-path 
      models/feature_mappings.json --drop-unknown
    deps:
    - path: data/interim/test_interactions.parquet
      hash: md5
      md5: 685f7df1d60e8ccda50d2063f0e3ffd9
      size: 6316182
    - path: models/feature_mappings.json
      hash: md5
      md5: 21e4bf8e40af2e8ee5138b0c6deeb4e9
      size: 36390224
    - path: scripts/feature_engineering.py
      hash: md5
      md5: 37b0984249d19da757753bc316687c11
      size: 3078
    - path: src/recommender/features/engineering.py
      hash: md5
      md5: d0648eb2a488dd50e72c3d4c2212ebbe
      size: 6655
    outs:
    - path: data/processed/test_features.parquet
      hash: md5
      md5: 261e56e9c216a5fc7ddb21159c5ede7d
      size: 9291832
  baseline_experiment:
    cmd: python scripts/run_baseline_experiment.py --train-path 
      data/processed/train_features.parquet --test-path 
      data/processed/test_features.parquet --model-output-path 
      models/baseline/popularity_model.json --metrics-output-path 
      reports/baseline_metrics.json --top-k 10 --tracking-uri 
      sqlite:///mlflow.db --experiment-name product-recommender
    deps:
    - path: data/processed/test_features.parquet
      hash: md5
      md5: 261e56e9c216a5fc7ddb21159c5ede7d
      size: 9291832
    - path: data/processed/train_features.parquet
      hash: md5
      md5: c4fd3b2bef70d9e76d8934934374dc7a
      size: 42450061
    - path: scripts/run_baseline_experiment.py
      hash: md5
      md5: 8f871cb251f737d004e7b21306714b88
      size: 4220
    - path: src/recommender/evaluation/baseline.py
      hash: md5
      md5: 920d630608ca81f95547cd13ad6647d6
      size: 3328
    - path: src/recommender/evaluation/metrics.py
      hash: md5
      md5: 218955bb41b0ae7519d4b24e6c9b493e
      size: 4842
    - path: src/recommender/models/baseline.py
      hash: md5
      md5: 33993c49ad3e65071eff240d86944263
      size: 4465
    - path: src/recommender/tracking/mlflow.py
      hash: md5
      md5: c96465a036b36b7067a426c7a2709040
      size: 1180
    params:
      params.yaml:
        evaluation.top_k: 10
        mlflow.experiment_name: product-recommender
        mlflow.tracking_uri: sqlite:///mlflow.db
    outs:
    - path: models/baseline/popularity_model.json
      hash: md5
      md5: 211692d061e18c3ca4c792a2e0462e30
      size: 7440027
    - path: reports/baseline_metrics.json
      hash: md5
      md5: 7abdaefb4290244215de63aff95361d8
      size: 169
  neural_experiment:
    cmd: python scripts/run_neural_experiment.py --train-path 
      data/processed/train_features.parquet --model-output-path 
      models/neural/neural_recommender.pt --metrics-output-path 
      reports/neural_train_metrics.json --history-output-path 
      reports/neural_train_history.json --epochs 2 --batch-size 8192 
      --embedding-dim 8 --hidden-dim 16 --learning-rate 0.001 --sample-size 
      200000 --tracking-uri sqlite:///mlflow.db --experiment-name 
      product-recommender --run-name neural_recommender_dvc
    deps:
    - path: data/processed/train_features.parquet
      hash: md5
      md5: c4fd3b2bef70d9e76d8934934374dc7a
      size: 42450061
    - path: scripts/run_neural_experiment.py
      hash: md5
      md5: 9cfcd77a5946f72ec8f777840ce5c770
      size: 6960
    - path: src/recommender/models/neural.py
      hash: md5
      md5: 27cbffd14080de9ebb779a562355bd15
      size: 3031
    - path: src/recommender/tracking/mlflow.py
      hash: md5
      md5: c96465a036b36b7067a426c7a2709040
      size: 1180
    - path: src/recommender/tracking/neural.py
      hash: md5
      md5: 0a11e9a9fd6b9a1dafca4c0b15b344a6
      size: 2280
    - path: src/recommender/training/dataset.py
      hash: md5
      md5: 52951359cc8823940bad0ee03e9c01dd
      size: 1826
    - path: src/recommender/training/neural.py
      hash: md5
      md5: e45cedaf54c020c7a1cfa173c5c588ef
      size: 8637
    - path: src/recommender/training/sampling.py
      hash: md5
      md5: b0e7fd9503bc23e6e8260fa795213a22
      size: 787
    params:
      params.yaml:
        mlflow.experiment_name: product-recommender
        mlflow.tracking_uri: sqlite:///mlflow.db
        neural.batch_size: 8192
        neural.embedding_dim: 8
        neural.epochs: 2
        neural.hidden_dim: 16
        neural.learning_rate: 0.001
        neural.sample_size: 200000
    outs:
    - path: models/neural/neural_recommender.pt
      hash: md5
      md5: 29ac77512f892f16095f2b148f05cefd
      size: 52313689
    - path: reports/neural_train_history.json
      hash: md5
      md5: 9685687fea4c67f3a9a7ef3dcba49453
      size: 214
    - path: reports/neural_train_metrics.json
      hash: md5
      md5: 5e1bb81a0d5161abc6e9d07b3954dfae
      size: 315
  neural_evaluation:
    cmd: python scripts/evaluate_neural.py --train-path 
      data/processed/train_features.parquet --test-path 
      data/processed/test_features.parquet --model-path 
      models/neural/neural_recommender.pt --baseline-model-path 
      models/baseline/popularity_model.json --metrics-output-path 
      reports/neural_eval_metrics.json --top-k 10 --candidate-size 100 
      --max-users 10000
    deps:
    - path: data/processed/test_features.parquet
      hash: md5
      md5: 261e56e9c216a5fc7ddb21159c5ede7d
      size: 9291832
    - path: data/processed/train_features.parquet
      hash: md5
      md5: c4fd3b2bef70d9e76d8934934374dc7a
      size: 42450061
    - path: models/baseline/popularity_model.json
      hash: md5
      md5: 211692d061e18c3ca4c792a2e0462e30
      size: 7440027
    - path: models/neural/neural_recommender.pt
      hash: md5
      md5: 29ac77512f892f16095f2b148f05cefd
      size: 52313689
    - path: scripts/evaluate_neural.py
      hash: md5
      md5: 95df4634bcc2694eeb35a2e7961418a8
      size: 3454
    - path: src/recommender/evaluation/metrics.py
      hash: md5
      md5: 218955bb41b0ae7519d4b24e6c9b493e
      size: 4842
    - path: src/recommender/evaluation/neural.py
      hash: md5
      md5: 58a20247eab2478d600e202e8388c8c0
      size: 6985
    - path: src/recommender/models/baseline.py
      hash: md5
      md5: 33993c49ad3e65071eff240d86944263
      size: 4465
    - path: src/recommender/models/neural.py
      hash: md5
      md5: 27cbffd14080de9ebb779a562355bd15
      size: 3031
    params:
      params.yaml:
        evaluation.candidate_size: 100
        evaluation.max_users: 10000
        evaluation.top_k: 10
    outs:
    - path: reports/neural_eval_metrics.json
      hash: md5
      md5: 7973298a001280db715d23482a83c0b5
      size: 192
  compare_models:
    cmd: python scripts/compare_models.py --baseline-metrics-path 
      reports/baseline_metrics.json --neural-metrics-path 
      reports/neural_eval_metrics.json --output-path 
      reports/model_comparison_dvc.md
    deps:
    - path: reports/baseline_metrics.json
      hash: md5
      md5: 7abdaefb4290244215de63aff95361d8
      size: 169
    - path: reports/neural_eval_metrics.json
      hash: md5
      md5: 7973298a001280db715d23482a83c0b5
      size: 192
    - path: scripts/compare_models.py
      hash: md5
      md5: dfdaac9dff0ce2e6ea86e7372110ceae
      size: 4295
    - path: src/recommender/evaluation/comparison.py
      hash: md5
      md5: fe3a57e592c80a8a8ada68037faaaada
      size: 2565
    outs:
    - path: reports/model_comparison_dvc.md
      hash: md5
      md5: c51b23ff840eeb2d33c0be7aad409322
      size: 1189
